PODS:
  - AdvancedPageControl (0.9.0)
  - Alamofire (4.8.2)
  - Alamofire-SwiftyJSON (3.0.0):
    - Alamofire (~> 4.5)
    - SwiftyJSON (~> 4.0.0)
  - GoogleMaps (3.5.0):
    - GoogleMaps/Maps (= 3.5.0)
  - GoogleMaps/Base (3.5.0)
  - GoogleMaps/Maps (3.5.0):
    - GoogleMaps/Base
  - IQKeyboardManagerSwift (6.1.1)
  - LGSideMenuController (3.1.2)
  - MBProgressHUD (1.1.0)
  - NHRangeSlider (0.2)
  - NVActivityIndicatorView (5.1.1):
    - NVActivityIndicatorView/Base (= 5.1.1)
  - NVActivityIndicatorView/Base (5.1.1)
  - ObjectMapper (3.5.3)
  - ReverseExtension (0.6.0)
  - RSSelectionMenu (7.1.3)
  - SDWebImage (5.8.4):
    - SDWebImage/Core (= 5.8.4)
  - SDWebImage/Core (5.8.4)
  - SideMenu (6.5.0)
  - Socket.IO-Client-Swift (15.2.0):
    - Starscream (~> 3.1)
  - Starscream (3.1.1)
  - SwiftyJSON (4.0.0)
  - TTTAttributedLabel (2.0.0)
  - ZSWTappableLabel (3.3.2)

DEPENDENCIES:
  - AdvancedPageControl
  - Alamofire (~> 4.8.2)
  - Alamofire-SwiftyJSON
  - GoogleMaps (= 3.5.0)
  - IQKeyboardManagerSwift (from `https://github.com/FarhanAnsari92/IQKeyboardManager.git`)
  - LGSideMenuController
  - MBProgressHUD (~> 1.1.0)
  - NHRangeSlider (from `https://github.com/FarhanAnsari92/NHRangeSlider.git`)
  - NVActivityIndicatorView
  - ObjectMapper (~> 3.4)
  - ReverseExtension (= 0.6.0)
  - RSSelectionMenu (~> 7.1.3)
  - SDWebImage (~> 5.8.3)
  - SideMenu (~> 6.0)
  - Socket.IO-Client-Swift (= 15.2.0)
  - TTTAttributedLabel
  - ZSWTappableLabel (~> 3.3)

SPEC REPOS:
  trunk:
    - AdvancedPageControl
    - Alamofire
    - Alamofire-SwiftyJSON
    - GoogleMaps
    - LGSideMenuController
    - MBProgressHUD
    - NVActivityIndicatorView
    - ObjectMapper
    - ReverseExtension
    - RSSelectionMenu
    - SDWebImage
    - SideMenu
    - Socket.IO-Client-Swift
    - Starscream
    - SwiftyJSON
    - TTTAttributedLabel
    - ZSWTappableLabel

EXTERNAL SOURCES:
  IQKeyboardManagerSwift:
    :git: https://github.com/FarhanAnsari92/IQKeyboardManager.git
  NHRangeSlider:
    :git: https://github.com/FarhanAnsari92/NHRangeSlider.git

CHECKOUT OPTIONS:
  IQKeyboardManagerSwift:
    :commit: 89cb74ffaa9a419ebc74d8a3eb8574feb050a989
    :git: https://github.com/FarhanAnsari92/IQKeyboardManager.git
  NHRangeSlider:
    :commit: e0eff3dd42ef97efb3dafbe2e535da18b7ee637a
    :git: https://github.com/FarhanAnsari92/NHRangeSlider.git

SPEC CHECKSUMS:
  AdvancedPageControl: 39e3b32b00b2d324c534f8e17cc6c5be9abe84b7
  Alamofire: ae5c501addb7afdbb13687d7f2f722c78734c2d3
  Alamofire-SwiftyJSON: 2b3649d57dc7bb2880fb8b86f8bb969397666916
  GoogleMaps: 32ca02de09de357a10ac773f2c70f1986751392d
  IQKeyboardManagerSwift: 977affaeb4d6e971975c7790a6850f31d38f1207
  LGSideMenuController: 0c7b155b0dbdf14bf8b88d5ac363c5fe1584bb23
  MBProgressHUD: e7baa36a220447d8aeb12769bf0585582f3866d9
  NHRangeSlider: dae06d7b8fc74a38b026c2a962d591766a30bf16
  NVActivityIndicatorView: 1f6c5687f1171810aa27a3296814dc2d7dec3667
  ObjectMapper: 97111c97e054a6ee25917662106689f0b4127b37
  ReverseExtension: 5c7ca8c165f47e9bde8e26084d5e7bf21ad4f5a6
  RSSelectionMenu: 873d62ebbaef138519f6cf3f073412c2b5d94c2c
  SDWebImage: cf6922231e95550934da2ada0f20f2becf2ceba9
  SideMenu: f583187d21c5b1dd04c72002be544b555a2627a2
  Socket.IO-Client-Swift: 1e3e3a1f09f3312a167f0d781eb2f383d477357c
  Starscream: 4bb2f9942274833f7b4d296a55504dcfc7edb7b0
  SwiftyJSON: 070dabdcb1beb81b247c65ffa3a79dbbfb3b48aa
  TTTAttributedLabel: 8cffe8e127e4e82ff3af1e5386d4cd0ad000b656
  ZSWTappableLabel: 92f11d677bb395a8294df48482316c4981783ca0

PODFILE CHECKSUM: 51487f9865eb28fc34f642edc388eff8dff534a9

COCOAPODS: 1.11.2
